
Microsoft Visual Studio Solution File, Format Version 11.00
# Visual Studio 2010
Project("{FAE04EC0-301F-11D3-BF4B-00C04F79EFBC}") = "NJection.LambdaConverter", "NJection.LambdaConverter\NJection.LambdaConverter.csproj", "{C819EE27-47F1-47F6-86E2-F2917525EF79}"
EndProject
Project("{FAE04EC0-301F-11D3-BF4B-00C04F79EFBC}") = "Tests", "NJection.LambdaConverter.Tests\Tests\Tests.csproj", "{A1ACA519-9C2B-4816-8AEB-4A87A34FC157}"
EndProject
Global
	GlobalSection(SolutionConfigurationPlatforms) = preSolution
		Debug|Any CPU = Debug|Any CPU
		Debug|Mixed Platforms = Debug|Mixed Platforms
		Debug|x86 = Debug|x86
		net_2_0_Debug|Any CPU = net_2_0_Debug|Any CPU
		net_2_0_Debug|Mixed Platforms = net_2_0_Debug|Mixed Platforms
		net_2_0_Debug|x86 = net_2_0_Debug|x86
		net_2_0_Release|Any CPU = net_2_0_Release|Any CPU
		net_2_0_Release|Mixed Platforms = net_2_0_Release|Mixed Platforms
		net_2_0_Release|x86 = net_2_0_Release|x86
		net_3_5_Debug|Any CPU = net_3_5_Debug|Any CPU
		net_3_5_Debug|Mixed Platforms = net_3_5_Debug|Mixed Platforms
		net_3_5_Debug|x86 = net_3_5_Debug|x86
		net_3_5_Release|Any CPU = net_3_5_Release|Any CPU
		net_3_5_Release|Mixed Platforms = net_3_5_Release|Mixed Platforms
		net_3_5_Release|x86 = net_3_5_Release|x86
		net_4_0_Debug|Any CPU = net_4_0_Debug|Any CPU
		net_4_0_Debug|Mixed Platforms = net_4_0_Debug|Mixed Platforms
		net_4_0_Debug|x86 = net_4_0_Debug|x86
		net_4_0_Release|Any CPU = net_4_0_Release|Any CPU
		net_4_0_Release|Mixed Platforms = net_4_0_Release|Mixed Platforms
		net_4_0_Release|x86 = net_4_0_Release|x86
		Release|Any CPU = Release|Any CPU
		Release|Mixed Platforms = Release|Mixed Platforms
		Release|x86 = Release|x86
		silverlight_Debug|Any CPU = silverlight_Debug|Any CPU
		silverlight_Debug|Mixed Platforms = silverlight_Debug|Mixed Platforms
		silverlight_Debug|x86 = silverlight_Debug|x86
		silverlight_Release|Any CPU = silverlight_Release|Any CPU
		silverlight_Release|Mixed Platforms = silverlight_Release|Mixed Platforms
		silverlight_Release|x86 = silverlight_Release|x86
		winphone_Debug|Any CPU = winphone_Debug|Any CPU
		winphone_Debug|Mixed Platforms = winphone_Debug|Mixed Platforms
		winphone_Debug|x86 = winphone_Debug|x86
		winphone_Release|Any CPU = winphone_Release|Any CPU
		winphone_Release|Mixed Platforms = winphone_Release|Mixed Platforms
		winphone_Release|x86 = winphone_Release|x86
	EndGlobalSection
	GlobalSection(ProjectConfigurationPlatforms) = postSolution
		{C819EE27-47F1-47F6-86E2-F2917525EF79}.Debug|Any CPU.ActiveCfg = Debug|Any CPU
		{C819EE27-47F1-47F6-86E2-F2917525EF79}.Debug|Any CPU.Build.0 = Debug|Any CPU
		{C819EE27-47F1-47F6-86E2-F2917525EF79}.Debug|Mixed Platforms.ActiveCfg = Debug|Any CPU
		{C819EE27-47F1-47F6-86E2-F2917525EF79}.Debug|Mixed Platforms.Build.0 = Debug|Any CPU
		{C819EE27-47F1-47F6-86E2-F2917525EF79}.Debug|x86.ActiveCfg = Debug|Any CPU
		{C819EE27-47F1-47F6-86E2-F2917525EF79}.net_2_0_Debug|Any CPU.ActiveCfg = Debug|Any CPU
		{C819EE27-47F1-47F6-86E2-F2917525EF79}.net_2_0_Debug|Any CPU.Build.0 = Debug|Any CPU
		{C819EE27-47F1-47F6-86E2-F2917525EF79}.net_2_0_Debug|Mixed Platforms.ActiveCfg = Debug|Any CPU
		{C819EE27-47F1-47F6-86E2-F2917525EF79}.net_2_0_Debug|Mixed Platforms.Build.0 = Debug|Any CPU
		{C819EE27-47F1-47F6-86E2-F2917525EF79}.net_2_0_Debug|x86.ActiveCfg = Debug|Any CPU
		{C819EE27-47F1-47F6-86E2-F2917525EF79}.net_2_0_Release|Any CPU.ActiveCfg = Release|Any CPU
		{C819EE27-47F1-47F6-86E2-F2917525EF79}.net_2_0_Release|Any CPU.Build.0 = Release|Any CPU
		{C819EE27-47F1-47F6-86E2-F2917525EF79}.net_2_0_Release|Mixed Platforms.ActiveCfg = Release|Any CPU
		{C819EE27-47F1-47F6-86E2-F2917525EF79}.net_2_0_Release|Mixed Platforms.Build.0 = Release|Any CPU
		{C819EE27-47F1-47F6-86E2-F2917525EF79}.net_2_0_Release|x86.ActiveCfg = Release|Any CPU
		{C819EE27-47F1-47F6-86E2-F2917525EF79}.net_3_5_Debug|Any CPU.ActiveCfg = Debug|Any CPU
		{C819EE27-47F1-47F6-86E2-F2917525EF79}.net_3_5_Debug|Any CPU.Build.0 = Debug|Any CPU
		{C819EE27-47F1-47F6-86E2-F2917525EF79}.net_3_5_Debug|Mixed Platforms.ActiveCfg = Debug|Any CPU
		{C819EE27-47F1-47F6-86E2-F2917525EF79}.net_3_5_Debug|Mixed Platforms.Build.0 = Debug|Any CPU
		{C819EE27-47F1-47F6-86E2-F2917525EF79}.net_3_5_Debug|x86.ActiveCfg = Debug|Any CPU
		{C819EE27-47F1-47F6-86E2-F2917525EF79}.net_3_5_Release|Any CPU.ActiveCfg = Release|Any CPU
		{C819EE27-47F1-47F6-86E2-F2917525EF79}.net_3_5_Release|Any CPU.Build.0 = Release|Any CPU
		{C819EE27-47F1-47F6-86E2-F2917525EF79}.net_3_5_Release|Mixed Platforms.ActiveCfg = Release|Any CPU
		{C819EE27-47F1-47F6-86E2-F2917525EF79}.net_3_5_Release|Mixed Platforms.Build.0 = Release|Any CPU
		{C819EE27-47F1-47F6-86E2-F2917525EF79}.net_3_5_Release|x86.ActiveCfg = Release|Any CPU
		{C819EE27-47F1-47F6-86E2-F2917525EF79}.net_4_0_Debug|Any CPU.ActiveCfg = Debug|Any CPU
		{C819EE27-47F1-47F6-86E2-F2917525EF79}.net_4_0_Debug|Any CPU.Build.0 = Debug|Any CPU
		{C819EE27-47F1-47F6-86E2-F2917525EF79}.net_4_0_Debug|Mixed Platforms.ActiveCfg = Debug|Any CPU
		{C819EE27-47F1-47F6-86E2-F2917525EF79}.net_4_0_Debug|Mixed Platforms.Build.0 = Debug|Any CPU
		{C819EE27-47F1-47F6-86E2-F2917525EF79}.net_4_0_Debug|x86.ActiveCfg = Debug|Any CPU
		{C819EE27-47F1-47F6-86E2-F2917525EF79}.net_4_0_Release|Any CPU.ActiveCfg = Release|Any CPU
		{C819EE27-47F1-47F6-86E2-F2917525EF79}.net_4_0_Release|Any CPU.Build.0 = Release|Any CPU
		{C819EE27-47F1-47F6-86E2-F2917525EF79}.net_4_0_Release|Mixed Platforms.ActiveCfg = Release|Any CPU
		{C819EE27-47F1-47F6-86E2-F2917525EF79}.net_4_0_Release|Mixed Platforms.Build.0 = Release|Any CPU
		{C819EE27-47F1-47F6-86E2-F2917525EF79}.net_4_0_Release|x86.ActiveCfg = Release|Any CPU
		{C819EE27-47F1-47F6-86E2-F2917525EF79}.Release|Any CPU.ActiveCfg = Release|Any CPU
		{C819EE27-47F1-47F6-86E2-F2917525EF79}.Release|Any CPU.Build.0 = Release|Any CPU
		{C819EE27-47F1-47F6-86E2-F2917525EF79}.Release|Mixed Platforms.ActiveCfg = Release|Any CPU
		{C819EE27-47F1-47F6-86E2-F2917525EF79}.Release|Mixed Platforms.Build.0 = Release|Any CPU
		{C819EE27-47F1-47F6-86E2-F2917525EF79}.Release|x86.ActiveCfg = Release|Any CPU
		{C819EE27-47F1-47F6-86E2-F2917525EF79}.silverlight_Debug|Any CPU.ActiveCfg = Debug|Any CPU
		{C819EE27-47F1-47F6-86E2-F2917525EF79}.silverlight_Debug|Any CPU.Build.0 = Debug|Any CPU
		{C819EE27-47F1-47F6-86E2-F2917525EF79}.silverlight_Debug|Mixed Platforms.ActiveCfg = Debug|Any CPU
		{C819EE27-47F1-47F6-86E2-F2917525EF79}.silverlight_Debug|Mixed Platforms.Build.0 = Debug|Any CPU
		{C819EE27-47F1-47F6-86E2-F2917525EF79}.silverlight_Debug|x86.ActiveCfg = Debug|Any CPU
		{C819EE27-47F1-47F6-86E2-F2917525EF79}.silverlight_Release|Any CPU.ActiveCfg = Release|Any CPU
		{C819EE27-47F1-47F6-86E2-F2917525EF79}.silverlight_Release|Any CPU.Build.0 = Release|Any CPU
		{C819EE27-47F1-47F6-86E2-F2917525EF79}.silverlight_Release|Mixed Platforms.ActiveCfg = Release|Any CPU
		{C819EE27-47F1-47F6-86E2-F2917525EF79}.silverlight_Release|Mixed Platforms.Build.0 = Release|Any CPU
		{C819EE27-47F1-47F6-86E2-F2917525EF79}.silverlight_Release|x86.ActiveCfg = Release|Any CPU
		{C819EE27-47F1-47F6-86E2-F2917525EF79}.winphone_Debug|Any CPU.ActiveCfg = Debug|Any CPU
		{C819EE27-47F1-47F6-86E2-F2917525EF79}.winphone_Debug|Any CPU.Build.0 = Debug|Any CPU
		{C819EE27-47F1-47F6-86E2-F2917525EF79}.winphone_Debug|Mixed Platforms.ActiveCfg = Debug|Any CPU
		{C819EE27-47F1-47F6-86E2-F2917525EF79}.winphone_Debug|Mixed Platforms.Build.0 = Debug|Any CPU
		{C819EE27-47F1-47F6-86E2-F2917525EF79}.winphone_Debug|x86.ActiveCfg = Debug|Any CPU
		{C819EE27-47F1-47F6-86E2-F2917525EF79}.winphone_Release|Any CPU.ActiveCfg = Release|Any CPU
		{C819EE27-47F1-47F6-86E2-F2917525EF79}.winphone_Release|Any CPU.Build.0 = Release|Any CPU
		{C819EE27-47F1-47F6-86E2-F2917525EF79}.winphone_Release|Mixed Platforms.ActiveCfg = Release|Any CPU
		{C819EE27-47F1-47F6-86E2-F2917525EF79}.winphone_Release|Mixed Platforms.Build.0 = Release|Any CPU
		{C819EE27-47F1-47F6-86E2-F2917525EF79}.winphone_Release|x86.ActiveCfg = Release|Any CPU
		{A1ACA519-9C2B-4816-8AEB-4A87A34FC157}.Debug|Any CPU.ActiveCfg = Debug|Any CPU
		{A1ACA519-9C2B-4816-8AEB-4A87A34FC157}.Debug|Any CPU.Build.0 = Debug|Any CPU
		{A1ACA519-9C2B-4816-8AEB-4A87A34FC157}.Debug|Mixed Platforms.ActiveCfg = Debug|Any CPU
		{A1ACA519-9C2B-4816-8AEB-4A87A34FC157}.Debug|Mixed Platforms.Build.0 = Debug|Any CPU
		{A1ACA519-9C2B-4816-8AEB-4A87A34FC157}.Debug|x86.ActiveCfg = Debug|Any CPU
		{A1ACA519-9C2B-4816-8AEB-4A87A34FC157}.net_2_0_Debug|Any CPU.ActiveCfg = Debug|Any CPU
		{A1ACA519-9C2B-4816-8AEB-4A87A34FC157}.net_2_0_Debug|Any CPU.Build.0 = Debug|Any CPU
		{A1ACA519-9C2B-4816-8AEB-4A87A34FC157}.net_2_0_Debug|Mixed Platforms.ActiveCfg = Debug|Any CPU
		{A1ACA519-9C2B-4816-8AEB-4A87A34FC157}.net_2_0_Debug|Mixed Platforms.Build.0 = Debug|Any CPU
		{A1ACA519-9C2B-4816-8AEB-4A87A34FC157}.net_2_0_Debug|x86.ActiveCfg = Debug|Any CPU
		{A1ACA519-9C2B-4816-8AEB-4A87A34FC157}.net_2_0_Release|Any CPU.ActiveCfg = Release|Any CPU
		{A1ACA519-9C2B-4816-8AEB-4A87A34FC157}.net_2_0_Release|Any CPU.Build.0 = Release|Any CPU
		{A1ACA519-9C2B-4816-8AEB-4A87A34FC157}.net_2_0_Release|Mixed Platforms.ActiveCfg = Release|Any CPU
		{A1ACA519-9C2B-4816-8AEB-4A87A34FC157}.net_2_0_Release|Mixed Platforms.Build.0 = Release|Any CPU
		{A1ACA519-9C2B-4816-8AEB-4A87A34FC157}.net_2_0_Release|x86.ActiveCfg = Release|Any CPU
		{A1ACA519-9C2B-4816-8AEB-4A87A34FC157}.net_3_5_Debug|Any CPU.ActiveCfg = Debug|Any CPU
		{A1ACA519-9C2B-4816-8AEB-4A87A34FC157}.net_3_5_Debug|Any CPU.Build.0 = Debug|Any CPU
		{A1ACA519-9C2B-4816-8AEB-4A87A34FC157}.net_3_5_Debug|Mixed Platforms.ActiveCfg = Debug|Any CPU
		{A1ACA519-9C2B-4816-8AEB-4A87A34FC157}.net_3_5_Debug|Mixed Platforms.Build.0 = Debug|Any CPU
		{A1ACA519-9C2B-4816-8AEB-4A87A34FC157}.net_3_5_Debug|x86.ActiveCfg = Debug|Any CPU
		{A1ACA519-9C2B-4816-8AEB-4A87A34FC157}.net_3_5_Release|Any CPU.ActiveCfg = Release|Any CPU
		{A1ACA519-9C2B-4816-8AEB-4A87A34FC157}.net_3_5_Release|Any CPU.Build.0 = Release|Any CPU
		{A1ACA519-9C2B-4816-8AEB-4A87A34FC157}.net_3_5_Release|Mixed Platforms.ActiveCfg = Release|Any CPU
		{A1ACA519-9C2B-4816-8AEB-4A87A34FC157}.net_3_5_Release|Mixed Platforms.Build.0 = Release|Any CPU
		{A1ACA519-9C2B-4816-8AEB-4A87A34FC157}.net_3_5_Release|x86.ActiveCfg = Release|Any CPU
		{A1ACA519-9C2B-4816-8AEB-4A87A34FC157}.net_4_0_Debug|Any CPU.ActiveCfg = Debug|Any CPU
		{A1ACA519-9C2B-4816-8AEB-4A87A34FC157}.net_4_0_Debug|Any CPU.Build.0 = Debug|Any CPU
		{A1ACA519-9C2B-4816-8AEB-4A87A34FC157}.net_4_0_Debug|Mixed Platforms.ActiveCfg = Debug|Any CPU
		{A1ACA519-9C2B-4816-8AEB-4A87A34FC157}.net_4_0_Debug|Mixed Platforms.Build.0 = Debug|Any CPU
		{A1ACA519-9C2B-4816-8AEB-4A87A34FC157}.net_4_0_Debug|x86.ActiveCfg = Debug|Any CPU
		{A1ACA519-9C2B-4816-8AEB-4A87A34FC157}.net_4_0_Release|Any CPU.ActiveCfg = Release|Any CPU
		{A1ACA519-9C2B-4816-8AEB-4A87A34FC157}.net_4_0_Release|Any CPU.Build.0 = Release|Any CPU
		{A1ACA519-9C2B-4816-8AEB-4A87A34FC157}.net_4_0_Release|Mixed Platforms.ActiveCfg = Release|Any CPU
		{A1ACA519-9C2B-4816-8AEB-4A87A34FC157}.net_4_0_Release|Mixed Platforms.Build.0 = Release|Any CPU
		{A1ACA519-9C2B-4816-8AEB-4A87A34FC157}.net_4_0_Release|x86.ActiveCfg = Release|Any CPU
		{A1ACA519-9C2B-4816-8AEB-4A87A34FC157}.Release|Any CPU.ActiveCfg = Release|Any CPU
		{A1ACA519-9C2B-4816-8AEB-4A87A34FC157}.Release|Any CPU.Build.0 = Release|Any CPU
		{A1ACA519-9C2B-4816-8AEB-4A87A34FC157}.Release|Mixed Platforms.ActiveCfg = Release|Any CPU
		{A1ACA519-9C2B-4816-8AEB-4A87A34FC157}.Release|Mixed Platforms.Build.0 = Release|Any CPU
		{A1ACA519-9C2B-4816-8AEB-4A87A34FC157}.Release|x86.ActiveCfg = Release|Any CPU
		{A1ACA519-9C2B-4816-8AEB-4A87A34FC157}.silverlight_Debug|Any CPU.ActiveCfg = Debug|Any CPU
		{A1ACA519-9C2B-4816-8AEB-4A87A34FC157}.silverlight_Debug|Any CPU.Build.0 = Debug|Any CPU
		{A1ACA519-9C2B-4816-8AEB-4A87A34FC157}.silverlight_Debug|Mixed Platforms.ActiveCfg = Debug|Any CPU
		{A1ACA519-9C2B-4816-8AEB-4A87A34FC157}.silverlight_Debug|Mixed Platforms.Build.0 = Debug|Any CPU
		{A1ACA519-9C2B-4816-8AEB-4A87A34FC157}.silverlight_Debug|x86.ActiveCfg = Debug|Any CPU
		{A1ACA519-9C2B-4816-8AEB-4A87A34FC157}.silverlight_Release|Any CPU.ActiveCfg = Release|Any CPU
		{A1ACA519-9C2B-4816-8AEB-4A87A34FC157}.silverlight_Release|Any CPU.Build.0 = Release|Any CPU
		{A1ACA519-9C2B-4816-8AEB-4A87A34FC157}.silverlight_Release|Mixed Platforms.ActiveCfg = Release|Any CPU
		{A1ACA519-9C2B-4816-8AEB-4A87A34FC157}.silverlight_Release|Mixed Platforms.Build.0 = Release|Any CPU
		{A1ACA519-9C2B-4816-8AEB-4A87A34FC157}.silverlight_Release|x86.ActiveCfg = Release|Any CPU
		{A1ACA519-9C2B-4816-8AEB-4A87A34FC157}.winphone_Debug|Any CPU.ActiveCfg = Debug|Any CPU
		{A1ACA519-9C2B-4816-8AEB-4A87A34FC157}.winphone_Debug|Any CPU.Build.0 = Debug|Any CPU
		{A1ACA519-9C2B-4816-8AEB-4A87A34FC157}.winphone_Debug|Mixed Platforms.ActiveCfg = Debug|Any CPU
		{A1ACA519-9C2B-4816-8AEB-4A87A34FC157}.winphone_Debug|Mixed Platforms.Build.0 = Debug|Any CPU
		{A1ACA519-9C2B-4816-8AEB-4A87A34FC157}.winphone_Debug|x86.ActiveCfg = Debug|Any CPU
		{A1ACA519-9C2B-4816-8AEB-4A87A34FC157}.winphone_Release|Any CPU.ActiveCfg = Release|Any CPU
		{A1ACA519-9C2B-4816-8AEB-4A87A34FC157}.winphone_Release|Any CPU.Build.0 = Release|Any CPU
		{A1ACA519-9C2B-4816-8AEB-4A87A34FC157}.winphone_Release|Mixed Platforms.ActiveCfg = Release|Any CPU
		{A1ACA519-9C2B-4816-8AEB-4A87A34FC157}.winphone_Release|Mixed Platforms.Build.0 = Release|Any CPU
		{A1ACA519-9C2B-4816-8AEB-4A87A34FC157}.winphone_Release|x86.ActiveCfg = Release|Any CPU
	EndGlobalSection
	GlobalSection(SolutionProperties) = preSolution
		HideSolutionNode = FALSE
	EndGlobalSection
EndGlobal
